Microsoft Visual Studio Solution File, Format Version 12.00
# Visual Studio Version 17
VisualStudioVersion = 17.5.2.0
MinimumVisualStudioVersion = 10.0.40219.1
Project("{2150E333-8FDC-42A3-9474-1A3956D46DE8}") = "mcp", "mcp", "{60D02A9B-BD8A-21E2-79E7-27A6B3D0EB49}"
EndProject
Project("{FAE04EC0-301F-11D3-BF4B-00C04F79EFBC}") = "CardDatabaseMCPServer", "mcp\CardDatabaseMCPServer\CardDatabaseMCPServer.csproj", "{5A9E4359-7A13-C7E5-207E-0341E9D2ED53}"
EndProject
Global
	GlobalSection(SolutionConfigurationPlatforms) = preSolution
		Debug|Any CPU = Debug|Any CPU
		Release|Any CPU = Release|Any CPU
	EndGlobalSection
	GlobalSection(ProjectConfigurationPlatforms) = postSolution
		{5A9E4359-7A13-C7E5-207E-0341E9D2ED53}.Debug|Any CPU.ActiveCfg = Debug|Any CPU
		{5A9E4359-7A13-C7E5-207E-0341E9D2ED53}.Debug|Any CPU.Build.0 = Debug|Any CPU
		{5A9E4359-7A13-C7E5-207E-0341E9D2ED53}.Release|Any CPU.ActiveCfg = Release|Any CPU
		{5A9E4359-7A13-C7E5-207E-0341E9D2ED53}.Release|Any CPU.Build.0 = Release|Any CPU
	EndGlobalSection
	GlobalSection(SolutionProperties) = preSolution
		HideSolutionNode = FALSE
	EndGlobalSection
	GlobalSection(NestedProjects) = preSolution
		{5A9E4359-7A13-C7E5-207E-0341E9D2ED53} = {60D02A9B-BD8A-21E2-79E7-27A6B3D0EB49}
	EndGlobalSection
	GlobalSection(ExtensibilityGlobals) = postSolution
		SolutionGuid = {69C3CB51-64A5-41EC-B609-59CDD9EB2AE2}
	EndGlobalSection
EndGlobal
